{
  "name": "agenticflow-clean-vertical-slice",
  "version": "0.1.0",
  "lockfileVersion": 3,
  "requires": true,
  "packages": {
    "": {
      "name": "agenticflow-clean-vertical-slice",
      "version": "0.1.0",
      "dependencies": {},
      "devDependencies": {},
      "type": "module"
    }
  }
}
